
Microsoft Visual Studio Solution File, Format Version 12.00
# Visual Studio Version 16
VisualStudioVersion = 16.0.31018.39
MinimumVisualStudioVersion = 10.0.40219.1
Project("{FAE04EC0-301F-11D3-BF4B-00C04F79EFBC}") = "ConsoleApp1", "ConsoleApp1\ConsoleApp1.csproj", "{510047B4-A989-4E29-B775-C519CAE3B244}"
EndProject
Global
	GlobalSection(SolutionConfigurationPlatforms) = preSolution
		Debug|Any CPU = Debug|Any CPU
		Release|Any CPU = Release|Any CPU
	EndGlobalSection
	GlobalSection(ProjectConfigurationPlatforms) = postSolution
		{510047B4-A989-4E29-B775-C519CAE3B244}.Debug|Any CPU.ActiveCfg = Debug|Any CPU
		{510047B4-A989-4E29-B775-C519CAE3B244}.Debug|Any CPU.Build.0 = Debug|Any CPU
		{510047B4-A989-4E29-B775-C519CAE3B244}.Release|Any CPU.ActiveCfg = Release|Any CPU
		{510047B4-A989-4E29-B775-C519CAE3B244}.Release|Any CPU.Build.0 = Release|Any CPU
	EndGlobalSection
	GlobalSection(SolutionProperties) = preSolution
		HideSolutionNode = FALSE
	EndGlobalSection
	GlobalSection(ExtensibilityGlobals) = postSolution
		SolutionGuid = {737AD1CD-469C-4F23-8DF6-4C9BCEB9D5FB}
	EndGlobalSection
EndGlobal
